"@puppeteer/browsers@npm:2.10.13":
  version: 2.10.13
  resolution: "@puppeteer/browsers@npm:2.10.13"
  dependencies:
    debug: "npm:^4.4.3"
    extract-zip: "npm:^2.0.1"
    progress: "npm:^2.0.3"
    proxy-agent: "npm:^6.5.0"
    semver: "npm:^7.7.3"
    tar-fs: "npm:^3.1.1"
    yargs: "npm:^17.7.2"
  bin:
    browsers: lib/cjs/main-cli.js
  checksum: 10c0/b6e003649f5d5231fa8c3aab32423cd3f89cdacc4cf8cf7e0e85b40c53858b09be4c5daf32bbbe481bdaaee1bc28bc78bfb5c19495de8d8736c9728ec25b7a02
  languageName: node
  linkType: hard

    "@types/jasmine": "npm:^5.1.0"
    jasmine-core: "npm:^4.6.1"
    karma: "npm:^6.4.3"
    karma-chrome-launcher: "npm:^3.2.0"
    karma-coverage: "npm:^2.2.1"
    karma-jasmine: "npm:^5.1.0"
    karma-jasmine-html-reporter: "npm:^2.1.0"
    puppeteer: "npm:^24.31.0"
"@types/cors@npm:^2.8.12":
  version: 2.8.19
  resolution: "@types/cors@npm:2.8.19"
  dependencies:
    "@types/node": "npm:*"
  checksum: 10c0/b5dd407040db7d8aa1bd36e79e5f3f32292f6b075abc287529e9f48df1a25fda3e3799ba30b4656667ffb931d3b75690c1d6ca71e39f7337ea6dfda8581916d0
  languageName: node
  linkType: hard

"@types/jasmine@npm:^5.1.0":
  version: 5.1.13
  resolution: "@types/jasmine@npm:5.1.13"
  checksum: 10c0/f162b7949f44e1e68391711772e6e19ad8db77318dbff8068f79e06f9532956f4e762a814797a48abf3356786830cb23487623eb9bf1dd55624e21a1935bc09f
  languageName: node
  linkType: hard

"base64id@npm:2.0.0, base64id@npm:~2.0.0":
  version: 2.0.0
  resolution: "base64id@npm:2.0.0"
  checksum: 10c0/6919efd237ed44b9988cbfc33eca6f173a10e810ce50292b271a1a421aac7748ef232a64d1e6032b08f19aae48dce6ee8f66c5ae2c9e5066c82b884861d4d453
  languageName: node
  linkType: hard

"body-parser@npm:1.20.3, body-parser@npm:^1.19.0":
"braces@npm:^3.0.2, braces@npm:^3.0.3, braces@npm:~3.0.2":
"chokidar@npm:^3.5.1, chokidar@npm:^3.5.2, chokidar@npm:^3.5.3, chokidar@npm:^3.6.0":
"chromium-bidi@npm:11.0.0":
  version: 11.0.0
  resolution: "chromium-bidi@npm:11.0.0"
  dependencies:
    mitt: "npm:^3.0.1"
    zod: "npm:^3.24.1"
  peerDependencies:
    devtools-protocol: "*"
  checksum: 10c0/3da4a0db0c375464a8cafec31b6676fcc7f692f82246c6eb431d4e97cc6e89ad14e2989f5875ccecb57138df3b873ed7b517ef6f1c116607760019f688611765
  languageName: node
  linkType: hard

"connect@npm:^3.6.5, connect@npm:^3.7.0":
"cookie@npm:^0.7.1, cookie@npm:~0.7.2":
"cors@npm:^2.8.5, cors@npm:~2.8.5":
"custom-event@npm:~1.0.0":
  version: 1.0.1
  resolution: "custom-event@npm:1.0.1"
  checksum: 10c0/86cd8497328b1e17dcda894c8df34a73b7a99f915123940d39b33c709482b2d3a2e689cd5e79e4775eb4167227689f57a2ae2f99a3f0bc9c54c0ac1b06853bd5
  languageName: node
  linkType: hard

"date-format@npm:^4.0.14":
  version: 4.0.14
  resolution: "date-format@npm:4.0.14"
  checksum: 10c0/1c67a4d77c677bb880328c81d81f5b9ed7fbf672bdaff74e5a0f7314b21188f3a829b06acf120c70cc1df876a7724e3e5c23d511e86d64656a3035a76ac3930b
  languageName: node
  linkType: hard

"debug@npm:~4.3.1, debug@npm:~4.3.2, debug@npm:~4.3.4":
"devtools-protocol@npm:0.0.1521046":
  version: 0.0.1521046
  resolution: "devtools-protocol@npm:0.0.1521046"
  checksum: 10c0/ba4b83a94e2b9c26772b22a8f6029ff296976a72db8e4567c9076393fccc39a452f6c0530869eebe2e1ad483db0e6233cd6b7b723ce466a05660c758f5e06db0
  languageName: node
  linkType: hard

"di@npm:^0.0.1":
  version: 0.0.1
  resolution: "di@npm:0.0.1"
  checksum: 10c0/fbca4cc93e8c493d50f82df3a9ecaa5d8b2935674aabddeb8f68db3ab03c942c201f9c3d920de094407392ee6f488eac16b96f500c0ea6b408634864b7b939d1
  languageName: node
  linkType: hard

"dom-serialize@npm:^2.2.1":
  version: 2.2.1
  resolution: "dom-serialize@npm:2.2.1"
  dependencies:
    custom-event: "npm:~1.0.0"
    ent: "npm:~2.2.0"
    extend: "npm:^3.0.0"
    void-elements: "npm:^2.0.0"
  checksum: 10c0/ceb6e62b73c658986ca4c9b8b2fae358d8ae914eb06712d137da595a327c3bbca45a762f412a6d181f892ce5e3cffb855c2db2b64c53ad0534b2a0ad8e65b05e
  languageName: node
  linkType: hard

"engine.io@npm:~6.6.0":
  version: 6.6.4
  resolution: "engine.io@npm:6.6.4"
  dependencies:
    "@types/cors": "npm:^2.8.12"
    "@types/node": "npm:>=10.0.0"
    accepts: "npm:~1.3.4"
    base64id: "npm:2.0.0"
    cookie: "npm:~0.7.2"
    cors: "npm:~2.8.5"
    debug: "npm:~4.3.1"
    engine.io-parser: "npm:~5.2.1"
    ws: "npm:~8.17.1"
  checksum: 10c0/845761163f8ea7962c049df653b75dafb6b3693ad6f59809d4474751d7b0392cbf3dc2730b8a902ff93677a91fd28711d34ab29efd348a8a4b49c6b0724021ab
  languageName: node
  linkType: hard

"ent@npm:~2.2.0":
  version: 2.2.2
  resolution: "ent@npm:2.2.2"
  dependencies:
    call-bound: "npm:^1.0.3"
    es-errors: "npm:^1.3.0"
    punycode: "npm:^1.4.1"
    safe-regex-test: "npm:^1.1.0"
  checksum: 10c0/83673cc952bb1ca01473460eb4f1289448d887ef2bfcdd142bfe83cd20a794a4393b6bca543922bf1eb913d1ae0ab69ca2d2f1f6a5e9f3de6e68464b3a3b9096
  languageName: node
  linkType: hard

"extend@npm:^3.0.0":
  version: 3.0.2
  resolution: "extend@npm:3.0.2"
  checksum: 10c0/73bf6e27406e80aa3e85b0d1c4fd987261e628064e170ca781125c0b635a3dabad5e05adbf07595ea0cf1e6c5396cacb214af933da7cbaf24fe75ff14818e8f9
  languageName: node
  linkType: hard

"flatted@npm:^3.2.7, flatted@npm:^3.2.9, flatted@npm:^3.3.1":
"glob@npm:^7.0.0, glob@npm:^7.1.1, glob@npm:^7.1.3, glob@npm:^7.1.4, glob@npm:^7.1.7":
"isbinaryfile@npm:^4.0.8":
  version: 4.0.10
  resolution: "isbinaryfile@npm:4.0.10"
  checksum: 10c0/0703d8cfeb69ed79e6d173120f327450011a066755150a6bbf97ffecec1069a5f2092777868315b21359098c84b54984871cad1abce877ad9141fb2caf3dcabf
  languageName: node
  linkType: hard

"istanbul-lib-instrument@npm:^5.0.4, istanbul-lib-instrument@npm:^5.1.0":
"istanbul-lib-source-maps@npm:^4.0.1":
  version: 4.0.1
  resolution: "istanbul-lib-source-maps@npm:4.0.1"
  dependencies:
    debug: "npm:^4.1.1"
    istanbul-lib-coverage: "npm:^3.0.0"
    source-map: "npm:^0.6.1"
  checksum: 10c0/19e4cc405016f2c906dff271a76715b3e881fa9faeb3f09a86cb99b8512b3a5ed19cadfe0b54c17ca0e54c1142c9c6de9330d65506e35873994e06634eebeb66
  languageName: node
  linkType: hard

"istanbul-reports@npm:^3.0.5, istanbul-reports@npm:^3.1.3":
"jasmine-core@npm:^4.1.0, jasmine-core@npm:^4.6.1":
  version: 4.6.1
  resolution: "jasmine-core@npm:4.6.1"
  checksum: 10c0/3d038b7f6f6f0d3cb56cdb4d2f0323a9d84f3a64a03746f9329a2d5a5166ec5e0ad3232d72ceb4f357cf2f120fdb86310715eaeb174f325833515fd0792a6860
  languageName: node
  linkType: hard

"karma-chrome-launcher@npm:^3.2.0":
  version: 3.2.0
  resolution: "karma-chrome-launcher@npm:3.2.0"
  dependencies:
    which: "npm:^1.2.1"
  checksum: 10c0/0cec1ae7d922110dc29cee36389d597157c82f019c8917259f9fa93d1f5ee8e19141c2eb74bfe30797cdb3adbc51a6b65fd18a9ebc1527c725c4acf62cd46d04
  languageName: node
  linkType: hard

"karma-coverage@npm:^2.2.1":
  version: 2.2.1
  resolution: "karma-coverage@npm:2.2.1"
  dependencies:
    istanbul-lib-coverage: "npm:^3.2.0"
    istanbul-lib-instrument: "npm:^5.1.0"
    istanbul-lib-report: "npm:^3.0.0"
    istanbul-lib-source-maps: "npm:^4.0.1"
    istanbul-reports: "npm:^3.0.5"
    minimatch: "npm:^3.0.4"
  checksum: 10c0/6496bb56b19b60e3f24a64e4da712a640a4f047fa271a40e321fca3e399e808246a38d434a1b77db4cc54d8f71164ebcb6cf310ae75c99ef957b7010b5d90f49
  languageName: node
  linkType: hard

"karma-jasmine-html-reporter@npm:^2.1.0":
  version: 2.1.0
  resolution: "karma-jasmine-html-reporter@npm:2.1.0"
  peerDependencies:
    jasmine-core: ^4.0.0 || ^5.0.0
    karma: ^6.0.0
    karma-jasmine: ^5.0.0
  checksum: 10c0/c20b0b52eada370d66fb06eda1a767f2043fecc6c4647691c889f4f62aa0f8948811dc64f033ebab02085a2e27e79099034ebe1699facf4e24e6bbc5ad0c203f
  languageName: node
  linkType: hard

"karma-jasmine@npm:^5.1.0":
  version: 5.1.0
  resolution: "karma-jasmine@npm:5.1.0"
  dependencies:
    jasmine-core: "npm:^4.1.0"
  peerDependencies:
    karma: ^6.0.0
  checksum: 10c0/827843d2b4af5396c35de6911d15304955bd7376f96527f46285beb0178510aa401ff123a010a9ee3f13aeeeb56f64a9a3e22d7d61fb58ee76a2845b153a9d20
  languageName: node
  linkType: hard

"karma@npm:^6.4.3":
  version: 6.4.4
  resolution: "karma@npm:6.4.4"
  dependencies:
    "@colors/colors": "npm:1.5.0"
    body-parser: "npm:^1.19.0"
    braces: "npm:^3.0.2"
    chokidar: "npm:^3.5.1"
    connect: "npm:^3.7.0"
    di: "npm:^0.0.1"
    dom-serialize: "npm:^2.2.1"
    glob: "npm:^7.1.7"
    graceful-fs: "npm:^4.2.6"
    http-proxy: "npm:^1.18.1"
    isbinaryfile: "npm:^4.0.8"
    lodash: "npm:^4.17.21"
    log4js: "npm:^6.4.1"
    mime: "npm:^2.5.2"
    minimatch: "npm:^3.0.4"
    mkdirp: "npm:^0.5.5"
    qjobs: "npm:^1.2.0"
    range-parser: "npm:^1.2.1"
    rimraf: "npm:^3.0.2"
    socket.io: "npm:^4.7.2"
    source-map: "npm:^0.6.1"
    tmp: "npm:^0.2.1"
    ua-parser-js: "npm:^0.7.30"
    yargs: "npm:^16.1.1"
  bin:
    karma: bin/karma
  checksum: 10c0/1658c4b7396c0edf6f048289182e075b561902e02992e1a3eb72f56f67090ff0c7ad7c91ab099e88a790c60f9500c5a6f974d75f1769e3ea2dfccda52876ec0b
  languageName: node
  linkType: hard

"log4js@npm:^6.4.1":
  version: 6.9.1
  resolution: "log4js@npm:6.9.1"
  dependencies:
    date-format: "npm:^4.0.14"
    debug: "npm:^4.3.4"
    flatted: "npm:^3.2.7"
    rfdc: "npm:^1.3.0"
    streamroller: "npm:^3.1.5"
  checksum: 10c0/05846e48f72d662800c8189bd178c42b4aa2f0c574cfc90a1942cf90b76f621c44019e26796c8fd88da1b6f0fe8272cba607cbaad6ae6ede50a7a096b58197ea
  languageName: node
  linkType: hard

"mime@npm:^2.4.1, mime@npm:^2.5.2":
"mkdirp@npm:0.5.x, mkdirp@npm:^0.5.1, mkdirp@npm:^0.5.5":
"puppeteer-core@npm:24.31.0":
  version: 24.31.0
  resolution: "puppeteer-core@npm:24.31.0"
  dependencies:
    "@puppeteer/browsers": "npm:2.10.13"
    chromium-bidi: "npm:11.0.0"
    debug: "npm:^4.4.3"
    devtools-protocol: "npm:0.0.1521046"
    typed-query-selector: "npm:^2.12.0"
    webdriver-bidi-protocol: "npm:0.3.9"
    ws: "npm:^8.18.3"
  checksum: 10c0/fc1941f31e9f960e70980833bd3e2af7a434d29311f6e345c14e29f849227d541da414fc77768814c2ca7e614289f2ce5edf8f6144963cfa1801827bb8a51cfc
  languageName: node
  linkType: hard

"puppeteer@npm:^24.31.0":
  version: 24.31.0
  resolution: "puppeteer@npm:24.31.0"
  dependencies:
    "@puppeteer/browsers": "npm:2.10.13"
    chromium-bidi: "npm:11.0.0"
    cosmiconfig: "npm:^9.0.0"
    devtools-protocol: "npm:0.0.1521046"
    puppeteer-core: "npm:24.31.0"
    typed-query-selector: "npm:^2.12.0"
  bin:
    puppeteer: lib/cjs/puppeteer/node/cli.js
  checksum: 10c0/7b48fbd4efbc4e5a63c760f6047fe76f1dbff2ae7e9c089791b2ea348d7c8df53389c6d3be4c6687e84b8c55eeec8cd3341b42af376110964aa26d66474f9021
  languageName: node
  linkType: hard

"qjobs@npm:^1.2.0":
  version: 1.2.0
  resolution: "qjobs@npm:1.2.0"
  checksum: 10c0/772207772b856a3b1ec673b11a6cda074f1b82821644f2d042504b438ea3ea1fe918555547491e717e8694ec105379fe5139fc5ddd7937b21f7712bb648ed01d
  languageName: node
  linkType: hard

"rfdc@npm:^1.3.0, rfdc@npm:^1.4.1":
"socket.io-adapter@npm:~2.5.2":
  version: 2.5.5
  resolution: "socket.io-adapter@npm:2.5.5"
  dependencies:
    debug: "npm:~4.3.4"
    ws: "npm:~8.17.1"
  checksum: 10c0/04a5a2a9c4399d1b6597c2afc4492ab1e73430cc124ab02b09e948eabf341180b3866e2b61b5084cb899beb68a4db7c328c29bda5efb9207671b5cb0bc6de44e
  languageName: node
  linkType: hard

"socket.io@npm:^4.7.2":
  version: 4.8.1
  resolution: "socket.io@npm:4.8.1"
  dependencies:
    accepts: "npm:~1.3.4"
    base64id: "npm:~2.0.0"
    cors: "npm:~2.8.5"
    debug: "npm:~4.3.2"
    engine.io: "npm:~6.6.0"
    socket.io-adapter: "npm:~2.5.2"
    socket.io-parser: "npm:~4.2.4"
  checksum: 10c0/acf931a2bb235be96433b71da3d8addc63eeeaa8acabd33dc8d64e12287390a45f1e9f389a73cf7dc336961cd491679741b7a016048325c596835abbcc017ca9
  languageName: node
  linkType: hard

"streamroller@npm:^3.1.5":
  version: 3.1.5
  resolution: "streamroller@npm:3.1.5"
  dependencies:
    date-format: "npm:^4.0.14"
    debug: "npm:^4.3.4"
    fs-extra: "npm:^8.1.0"
  checksum: 10c0/0bdeec34ad37487d959ba908f17067c938f544db88b5bb1669497a67a6b676413229ce5a6145c2812d06959ebeb8842e751076647d4b323ca06be612963b9099
  languageName: node
  linkType: hard

"tar-fs@npm:^3.1.0, tar-fs@npm:^3.1.1":
"tmp@npm:^0.2.0, tmp@npm:^0.2.1, tmp@npm:^0.2.4":
"ua-parser-js@npm:^0.7.30":
  version: 0.7.41
  resolution: "ua-parser-js@npm:0.7.41"
  bin:
    ua-parser-js: script/cli.js
  checksum: 10c0/b134bc0d8da10c76e07740a0ade61c193fd4c4d120ba2cb2530e26931f6b550dd60b6e801d8891f6d9c23dfebadf5590294739069edff94396f173cc8cc5767e
  languageName: node
  linkType: hard

"void-elements@npm:^2.0.0":
  version: 2.0.1
  resolution: "void-elements@npm:2.0.1"
  checksum: 10c0/23b4f35bbeabcaa5c87a9f638ae80862a9313dccbaa8973b0eada81dbe97488ae11baf4d8aa2846bc397d31456afdfd8d791bb44c542f83735e6d04af6996f4d
  languageName: node
  linkType: hard

"webdriver-bidi-protocol@npm:0.3.9":
  version: 0.3.9
  resolution: "webdriver-bidi-protocol@npm:0.3.9"
  checksum: 10c0/2a87ca276d6eb75d4a8c2f5f7f9efff2964970484bdf7945525785ab965853d3c6877a542707bff17e8008ea16386ee5c20ef107cba7080fa9519f18a6e88577
  languageName: node
  linkType: hard

"which@npm:^1.1.1, which@npm:^1.2.1, which@npm:^1.2.9, which@npm:^1.3.1":
