    react-native-safe-area-context: "npm:^4.10.5"
"react-native-safe-area-context@npm:^4.10.5":
  version: 4.14.1
  resolution: "react-native-safe-area-context@npm:4.14.1"
  peerDependencies:
    react: "*"
    react-native: "*"
  checksum: 10c0/c34c6fe9002a89c80ddb206fc68db99f1e432e19c7cf5aaa93b430584051b7e7caf889093224029437dc5b66fe434b09e9950d755aa40b58e1e3a1f976c2fec1
  languageName: node
  linkType: hard

