"@adobe/css-tools@npm:^4.4.0":
  version: 4.4.4
  resolution: "@adobe/css-tools@npm:4.4.4"
  checksum: 10c0/8f3e6cfaa5e6286e6f05de01d91d060425be2ebaef490881f5fe6da8bbdb336835c5d373ea337b0c3b0a1af4be048ba18780f0f6021d30809b4545922a7e13d9
  languageName: node
  linkType: hard

"@testing-library/dom@npm:^10.4.0":
  version: 10.4.1
  resolution: "@testing-library/dom@npm:10.4.1"
  dependencies:
    "@babel/code-frame": "npm:^7.10.4"
    "@babel/runtime": "npm:^7.12.5"
    "@types/aria-query": "npm:^5.0.1"
    aria-query: "npm:5.3.0"
    dom-accessibility-api: "npm:^0.5.9"
    lz-string: "npm:^1.5.0"
    picocolors: "npm:1.1.1"
    pretty-format: "npm:^27.0.2"
  checksum: 10c0/19ce048012d395ad0468b0dbcc4d0911f6f9e39464d7a8464a587b29707eed5482000dad728f5acc4ed314d2f4d54f34982999a114d2404f36d048278db815b1
  languageName: node
  linkType: hard

"@testing-library/jest-dom@npm:^6.6.3":
  version: 6.9.1
  resolution: "@testing-library/jest-dom@npm:6.9.1"
  dependencies:
    "@adobe/css-tools": "npm:^4.4.0"
    aria-query: "npm:^5.0.0"
    css.escape: "npm:^1.5.1"
    dom-accessibility-api: "npm:^0.6.3"
    picocolors: "npm:^1.1.1"
    redent: "npm:^3.0.0"
  checksum: 10c0/4291ebd2f0f38d14cefac142c56c337941775a5807e2a3d6f1a14c2fbd6be76a18e498ed189e95bedc97d9e8cf1738049bc76c85b5bc5e23fae7c9e10f7b3a12
  languageName: node
  linkType: hard

"@testing-library/react@npm:^16.1.0":
  version: 16.3.0
  resolution: "@testing-library/react@npm:16.3.0"
  dependencies:
    "@babel/runtime": "npm:^7.12.5"
  peerDependencies:
    "@testing-library/dom": ^10.0.0
    "@types/react": ^18.0.0 || ^19.0.0
    "@types/react-dom": ^18.0.0 || ^19.0.0
    react: ^18.0.0 || ^19.0.0
    react-dom: ^18.0.0 || ^19.0.0
  peerDependenciesMeta:
    "@types/react":
      optional: true
    "@types/react-dom":
      optional: true
  checksum: 10c0/3a2cb1f87c9a67e1ebbbcfd99b94b01e496fc35147be8bc5d8bf07a699c7d523a09d57ef2f7b1d91afccd1a28e21eda3b00d80187fbb51b1de01e422592d845e
  languageName: node
  linkType: hard

"@testing-library/user-event@npm:^14.5.2":
  version: 14.6.1
  resolution: "@testing-library/user-event@npm:14.6.1"
  peerDependencies:
    "@testing-library/dom": ">=7.21.4"
  checksum: 10c0/75fea130a52bf320d35d46ed54f3eec77e71a56911b8b69a3fe29497b0b9947b2dc80d30f04054ad4ce7f577856ae3e5397ea7dff0ef14944d3909784c7a93fe
  languageName: node
  linkType: hard

"aria-query@npm:5.3.0":
  version: 5.3.0
  resolution: "aria-query@npm:5.3.0"
  dependencies:
    dequal: "npm:^2.0.3"
  checksum: 10c0/2bff0d4eba5852a9dd578ecf47eaef0e82cc52569b48469b0aac2db5145db0b17b7a58d9e01237706d1e14b7a1b0ac9b78e9c97027ad97679dd8f91b85da1469
  languageName: node
  linkType: hard

"aria-query@npm:5.3.2, aria-query@npm:^5.0.0":
"css.escape@npm:^1.5.1":
  version: 1.5.1
  resolution: "css.escape@npm:1.5.1"
  checksum: 10c0/5e09035e5bf6c2c422b40c6df2eb1529657a17df37fda5d0433d722609527ab98090baf25b13970ca754079a0f3161dd3dfc0e743563ded8cfa0749d861c1525
  languageName: node
  linkType: hard

"dequal@npm:^2.0.3":
  version: 2.0.3
  resolution: "dequal@npm:2.0.3"
  checksum: 10c0/f98860cdf58b64991ae10205137c0e97d384c3a4edc7f807603887b7c4b850af1224a33d88012009f150861cbee4fa2d322c4cc04b9313bee312e47f6ecaa888
  languageName: node
  linkType: hard

"dom-accessibility-api@npm:^0.6.3":
  version: 0.6.3
  resolution: "dom-accessibility-api@npm:0.6.3"
  checksum: 10c0/10bee5aa514b2a9a37c87cd81268db607a2e933a050074abc2f6fa3da9080ebed206a320cbc123567f2c3087d22292853bdfdceaffdd4334ffe2af9510b29360
  languageName: node
  linkType: hard

    "@testing-library/dom": "npm:^10.4.0"
    "@testing-library/jest-dom": "npm:^6.6.3"
    "@testing-library/react": "npm:^16.1.0"
    "@testing-library/user-event": "npm:^14.5.2"
    "@types/react-dom": "npm:^18.3.0"
    react-dom: "npm:^18.3.1"
"picocolors@npm:1.1.1, picocolors@npm:^1.0.0, picocolors@npm:^1.1.0, picocolors@npm:^1.1.1":
