{
  "originHash" : "84ab935170f2413a848f1d33f0033ee867b2af7b423db4030127ad578784bbfa",
  "pins" : [
    {
      "identity" : "qkmrzparser",
      "kind" : "remoteSourceControl",
      "location" : "https://github.com/Mattijah/QKMRZParser.git",
      "state" : {
        "branch" : "master",
        "revision" : "571cf290364911b8d109a54ff189d50c10b56abd"
      }
    }
  ],
  "version" : 3
}
